
Microsoft Visual Studio Solution File, Format Version 12.00
# Visual Studio Version 17
VisualStudioVersion = 17.3.32901.215
MinimumVisualStudioVersion = 10.0.40219.1
Project("{FAE04EC0-301F-11D3-BF4B-00C04F79EFBC}") = "db-videogames", "db-videogames.csproj", "{038343AB-E48C-4551-9B50-A179B9037AEC}"
EndProject
Global
	GlobalSection(SolutionConfigurationPlatforms) = preSolution
		Debug|Any CPU = Debug|Any CPU
		Release|Any CPU = Release|Any CPU
	EndGlobalSection
	GlobalSection(ProjectConfigurationPlatforms) = postSolution
		{038343AB-E48C-4551-9B50-A179B9037AEC}.Debug|Any CPU.ActiveCfg = Debug|Any CPU
		{038343AB-E48C-4551-9B50-A179B9037AEC}.Debug|Any CPU.Build.0 = Debug|Any CPU
		{038343AB-E48C-4551-9B50-A179B9037AEC}.Release|Any CPU.ActiveCfg = Release|Any CPU
		{038343AB-E48C-4551-9B50-A179B9037AEC}.Release|Any CPU.Build.0 = Release|Any CPU
	EndGlobalSection
	GlobalSection(SolutionProperties) = preSolution
		HideSolutionNode = FALSE
	EndGlobalSection
	GlobalSection(ExtensibilityGlobals) = postSolution
		SolutionGuid = {4091AE39-196B-454F-A55F-82C471CF54B6}
	EndGlobalSection
EndGlobal
